
Microsoft Visual Studio Solution File, Format Version 12.00
# Visual Studio Version 17
VisualStudioVersion = 17.1.32319.34
MinimumVisualStudioVersion = 10.0.40219.1
Project("{FAE04EC0-301F-11D3-BF4B-00C04F79EFBC}") = "lkhj", "lkhj\lkhj.csproj", "{DA0664BB-E16F-4887-A3F9-5FBC5232B604}"
EndProject
Global
	GlobalSection(SolutionConfigurationPlatforms) = preSolution
		Debug|Any CPU = Debug|Any CPU
		Release|Any CPU = Release|Any CPU
	EndGlobalSection
	GlobalSection(ProjectConfigurationPlatforms) = postSolution
		{DA0664BB-E16F-4887-A3F9-5FBC5232B604}.Debug|Any CPU.ActiveCfg = Debug|Any CPU
		{DA0664BB-E16F-4887-A3F9-5FBC5232B604}.Debug|Any CPU.Build.0 = Debug|Any CPU
		{DA0664BB-E16F-4887-A3F9-5FBC5232B604}.Release|Any CPU.ActiveCfg = Release|Any CPU
		{DA0664BB-E16F-4887-A3F9-5FBC5232B604}.Release|Any CPU.Build.0 = Release|Any CPU
	EndGlobalSection
	GlobalSection(SolutionProperties) = preSolution
		HideSolutionNode = FALSE
	EndGlobalSection
	GlobalSection(ExtensibilityGlobals) = postSolution
		SolutionGuid = {975E6832-87F5-4095-A2C7-47425DBAD60C}
	EndGlobalSection
EndGlobal
